
Microsoft Visual Studio Solution File, Format Version 12.00
# Visual Studio Version 16
VisualStudioVersion = 16.0.31624.102
MinimumVisualStudioVersion = 10.0.40219.1
Project("{E24C65DC-7377-472B-9ABA-BC803B73C61A}") = "NashVillleFinancialsReporting", "NashVillleFinancialsReporting\", "{5B5B0B1E-4506-443D-9113-0E0B412DDBE2}"
	ProjectSection(WebsiteProperties) = preProject
		TargetFrameworkMoniker = ".NETFramework,Version%3Dv4.8"
		Debug.AspNetCompiler.VirtualPath = "/localhost_57847"
		Debug.AspNetCompiler.PhysicalPath = "NashVillleFinancialsReporting\"
		Debug.AspNetCompiler.TargetPath = "PrecompiledWeb\localhost_57847\"
		Debug.AspNetCompiler.Updateable = "true"
		Debug.AspNetCompiler.ForceOverwrite = "true"
		Debug.AspNetCompiler.FixedNames = "false"
		Debug.AspNetCompiler.Debug = "True"
		Release.AspNetCompiler.VirtualPath = "/localhost_57847"
		Release.AspNetCompiler.PhysicalPath = "NashVillleFinancialsReporting\"
		Release.AspNetCompiler.TargetPath = "PrecompiledWeb\localhost_57847\"
		Release.AspNetCompiler.Updateable = "true"
		Release.AspNetCompiler.ForceOverwrite = "true"
		Release.AspNetCompiler.FixedNames = "false"
		Release.AspNetCompiler.Debug = "False"
		VWDPort = "57847"
		SlnRelativePath = "NashVillleFinancialsReporting\"
		DefaultWebSiteLanguage = "Visual C#"
	EndProjectSection
EndProject
Global
	GlobalSection(SolutionConfigurationPlatforms) = preSolution
		Debug|Any CPU = Debug|Any CPU
		Release|Any CPU = Release|Any CPU
	EndGlobalSection
	GlobalSection(ProjectConfigurationPlatforms) = postSolution
		{5B5B0B1E-4506-443D-9113-0E0B412DDBE2}.Debug|Any CPU.ActiveCfg = Debug|Any CPU
		{5B5B0B1E-4506-443D-9113-0E0B412DDBE2}.Debug|Any CPU.Build.0 = Debug|Any CPU
		{5B5B0B1E-4506-443D-9113-0E0B412DDBE2}.Release|Any CPU.ActiveCfg = Debug|Any CPU
		{5B5B0B1E-4506-443D-9113-0E0B412DDBE2}.Release|Any CPU.Build.0 = Debug|Any CPU
	EndGlobalSection
	GlobalSection(SolutionProperties) = preSolution
		HideSolutionNode = FALSE
	EndGlobalSection
	GlobalSection(ExtensibilityGlobals) = postSolution
		SolutionGuid = {34C7BCF5-5502-4E01-90BC-327DE561ABCF}
	EndGlobalSection
EndGlobal
